// !$*UTF8*$!
{
	archiveVersion = 1;
	classes = {
	};
	objectVersion = 52;
	objects = {

/* Begin PBXBuildFile section */
		CA01B6D727814DC50022439D /* Custmer-RequestVCCell.swift in Sources */ = {isa = PBXBuildFile; fileRef = CA01B6D627814DC50022439D /* Custmer-RequestVCCell.swift */; };
		CA01B6D927814DE70022439D /* Custmer-RequestVC.swift in Sources */ = {isa = PBXBuildFile; fileRef = CA01B6D827814DE70022439D /* Custmer-RequestVC.swift */; };
		CA01B6DB278195730022439D /* BrandCVCell.swift in Sources */ = {isa = PBXBuildFile; fileRef = CA01B6DA278195730022439D /* BrandCVCell.swift */; };
		CA01B6E02782E04F0022439D /* AddItmeVCCVCell.swift in Sources */ = {isa = PBXBuildFile; fileRef = CA01B6DF2782E04F0022439D /* AddItmeVCCVCell.swift */; };
		CA01B6E22782E0670022439D /* EditItmeCVCell.swift in Sources */ = {isa = PBXBuildFile; fileRef = CA01B6E12782E0670022439D /* EditItmeCVCell.swift */; };
		CA01B6E5278369A00022439D /* FirebaseStorage in Frameworks */ = {isa = PBXBuildFile; productRef = CA01B6E4278369A00022439D /* FirebaseStorage */; };
		CA01B6E7278369A00022439D /* FirebaseAuth in Frameworks */ = {isa = PBXBuildFile; productRef = CA01B6E6278369A00022439D /* FirebaseAuth */; };
		CA01B6E9278369A00022439D /* FirebaseFirestore in Frameworks */ = {isa = PBXBuildFile; productRef = CA01B6E8278369A00022439D /* FirebaseFirestore */; };
		CA01B6EB278369A00022439D /* FirebaseDatabase in Frameworks */ = {isa = PBXBuildFile; productRef = CA01B6EA278369A00022439D /* FirebaseDatabase */; };
		CA01B6EE278369DD0022439D /* SDWebImage in Frameworks */ = {isa = PBXBuildFile; productRef = CA01B6ED278369DD0022439D /* SDWebImage */; };
		CA01B6F027836B9F0022439D /* GoogleService-Info.plist in Resources */ = {isa = PBXBuildFile; fileRef = CA01B6EF27836B9F0022439D /* GoogleService-Info.plist */; };
		CA2B0B60278AF50900CFAD25 /* orderUser.swift in Sources */ = {isa = PBXBuildFile; fileRef = CA2B0B5F278AF50900CFAD25 /* orderUser.swift */; };
		CADD8876277E8CFC003FBC12 /* AppDelegate.swift in Sources */ = {isa = PBXBuildFile; fileRef = CADD8875277E8CFC003FBC12 /* AppDelegate.swift */; };
		CADD8878277E8CFC003FBC12 /* SceneDelegate.swift in Sources */ = {isa = PBXBuildFile; fileRef = CADD8877277E8CFC003FBC12 /* SceneDelegate.swift */; };
		CADD887A277E8CFC003FBC12 /* HomeVC.swift in Sources */ = {isa = PBXBuildFile; fileRef = CADD8879277E8CFC003FBC12 /* HomeVC.swift */; };
		CADD887D277E8CFC003FBC12 /* Main.storyboard in Resources */ = {isa = PBXBuildFile; fileRef = CADD887B277E8CFC003FBC12 /* Main.storyboard */; };
		CADD887F277E8CFF003FBC12 /* Assets.xcassets in Resources */ = {isa = PBXBuildFile; fileRef = CADD887E277E8CFF003FBC12 /* Assets.xcassets */; };
		CADD8882277E8CFF003FBC12 /* LaunchScreen.storyboard in Resources */ = {isa = PBXBuildFile; fileRef = CADD8880277E8CFF003FBC12 /* LaunchScreen.storyboard */; };
		CADD888C277E8F14003FBC12 /* HomeCVCell.swift in Sources */ = {isa = PBXBuildFile; fileRef = CADD888B277E8F14003FBC12 /* HomeCVCell.swift */; };
		CADD8893277E9164003FBC12 /* AddItmeVC.swift in Sources */ = {isa = PBXBuildFile; fileRef = CADD8892277E9164003FBC12 /* AddItmeVC.swift */; };
		CADD8896277E9233003FBC12 /* EditItmeVC.swift in Sources */ = {isa = PBXBuildFile; fileRef = CADD8895277E9233003FBC12 /* EditItmeVC.swift */; };
		CADD88AB27811B64003FBC12 /* Product.swift in Sources */ = {isa = PBXBuildFile; fileRef = CADD88AA27811B64003FBC12 /* Product.swift */; };
/* End PBXBuildFile section */

/* Begin PBXFileReference section */
		CA01B6D627814DC50022439D /* Custmer-RequestVCCell.swift */ = {isa = PBXFileReference; lastKnownFileType = sourcecode.swift; path = "Custmer-RequestVCCell.swift"; sourceTree = "<group>"; };
		CA01B6D827814DE70022439D /* Custmer-RequestVC.swift */ = {isa = PBXFileReference; lastKnownFileType = sourcecode.swift; path = "Custmer-RequestVC.swift"; sourceTree = "<group>"; };
		CA01B6DA278195730022439D /* BrandCVCell.swift */ = {isa = PBXFileReference; lastKnownFileType = sourcecode.swift; path = BrandCVCell.swift; sourceTree = "<group>"; };
		CA01B6DF2782E04F0022439D /* AddItmeVCCVCell.swift */ = {isa = PBXFileReference; lastKnownFileType = sourcecode.swift; path = AddItmeVCCVCell.swift; sourceTree = "<group>"; };
		CA01B6E12782E0670022439D /* EditItmeCVCell.swift */ = {isa = PBXFileReference; lastKnownFileType = sourcecode.swift; path = EditItmeCVCell.swift; sourceTree = "<group>"; };
		CA01B6EF27836B9F0022439D /* GoogleService-Info.plist */ = {isa = PBXFileReference; fileEncoding = 4; lastKnownFileType = text.plist.xml; path = "GoogleService-Info.plist"; sourceTree = "<group>"; };
		CA2B0B5F278AF50900CFAD25 /* orderUser.swift */ = {isa = PBXFileReference; lastKnownFileType = sourcecode.swift; path = orderUser.swift; sourceTree = "<group>"; };
		CADD8872277E8CFC003FBC12 /* ManagementApp.app */ = {isa = PBXFileReference; explicitFileType = wrapper.application; includeInIndex = 0; path = ManagementApp.app; sourceTree = BUILT_PRODUCTS_DIR; };
		CADD8875277E8CFC003FBC12 /* AppDelegate.swift */ = {isa = PBXFileReference; lastKnownFileType = sourcecode.swift; path = AppDelegate.swift; sourceTree = "<group>"; };
		CADD8877277E8CFC003FBC12 /* SceneDelegate.swift */ = {isa = PBXFileReference; lastKnownFileType = sourcecode.swift; path = SceneDelegate.swift; sourceTree = "<group>"; };
		CADD8879277E8CFC003FBC12 /* HomeVC.swift */ = {isa = PBXFileReference; lastKnownFileType = sourcecode.swift; path = HomeVC.swift; sourceTree = "<group>"; };
		CADD887C277E8CFC003FBC12 /* Base */ = {isa = PBXFileReference; lastKnownFileType = file.storyboard; name = Base; path = Base.lproj/Main.storyboard; sourceTree = "<group>"; };
		CADD887E277E8CFF003FBC12 /* Assets.xcassets */ = {isa = PBXFileReference; lastKnownFileType = folder.assetcatalog; path = Assets.xcassets; sourceTree = "<group>"; };
		CADD8881277E8CFF003FBC12 /* Base */ = {isa = PBXFileReference; lastKnownFileType = file.storyboard; name = Base; path = Base.lproj/LaunchScreen.storyboard; sourceTree = "<group>"; };
		CADD8883277E8CFF003FBC12 /* Info.plist */ = {isa = PBXFileReference; lastKnownFileType = text.plist.xml; path = Info.plist; sourceTree = "<group>"; };
		CADD888B277E8F14003FBC12 /* HomeCVCell.swift */ = {isa = PBXFileReference; lastKnownFileType = sourcecode.swift; path = HomeCVCell.swift; sourceTree = "<group>"; };
		CADD8892277E9164003FBC12 /* AddItmeVC.swift */ = {isa = PBXFileReference; lastKnownFileType = sourcecode.swift; path = AddItmeVC.swift; sourceTree = "<group>"; };
		CADD8895277E9233003FBC12 /* EditItmeVC.swift */ = {isa = PBXFileReference; lastKnownFileType = sourcecode.swift; path = EditItmeVC.swift; sourceTree = "<group>"; };
		CADD88AA27811B64003FBC12 /* Product.swift */ = {isa = PBXFileReference; lastKnownFileType = sourcecode.swift; path = Product.swift; sourceTree = "<group>"; };
/* End PBXFileReference section */

/* Begin PBXFrameworksBuildPhase section */
		CADD886F277E8CFC003FBC12 /* Frameworks */ = {
			isa = PBXFrameworksBuildPhase;
			buildActionMask = 2147483647;
			files = (
				CA01B6E5278369A00022439D /* FirebaseStorage in Frameworks */,
				CA01B6E7278369A00022439D /* FirebaseAuth in Frameworks */,
				CA01B6EB278369A00022439D /* FirebaseDatabase in Frameworks */,
				CA01B6E9278369A00022439D /* FirebaseFirestore in Frameworks */,
				CA01B6EE278369DD0022439D /* SDWebImage in Frameworks */,
			);
			runOnlyForDeploymentPostprocessing = 0;
		};
/* End PBXFrameworksBuildPhase section */

/* Begin PBXGroup section */
		CA01B6D527814D880022439D /* Custmer-Request */ = {
			isa = PBXGroup;
			children = (
				CA01B6D827814DE70022439D /* Custmer-RequestVC.swift */,
				CA01B6D627814DC50022439D /* Custmer-RequestVCCell.swift */,
			);
			path = "Custmer-Request";
			sourceTree = "<group>";
		};
		CA01B6F127842EA00022439D /* Support */ = {
			isa = PBXGroup;
			children = (
				CADD8880277E8CFF003FBC12 /* LaunchScreen.storyboard */,
				CADD8877277E8CFC003FBC12 /* SceneDelegate.swift */,
				CADD8875277E8CFC003FBC12 /* AppDelegate.swift */,
				CADD887E277E8CFF003FBC12 /* Assets.xcassets */,
			);
			path = Support;
			sourceTree = "<group>";
		};
		CA01B6F227842F0A0022439D /* View */ = {
			isa = PBXGroup;
			children = (
				CADD887B277E8CFC003FBC12 /* Main.storyboard */,
			);
			path = View;
			sourceTree = "<group>";
		};
		CADD8869277E8CFC003FBC12 = {
			isa = PBXGroup;
			children = (
				CADD8874277E8CFC003FBC12 /* ManagementApp */,
				CADD8873277E8CFC003FBC12 /* Products */,
			);
			sourceTree = "<group>";
		};
		CADD8873277E8CFC003FBC12 /* Products */ = {
			isa = PBXGroup;
			children = (
				CADD8872277E8CFC003FBC12 /* ManagementApp.app */,
			);
			name = Products;
			sourceTree = "<group>";
		};
		CADD8874277E8CFC003FBC12 /* ManagementApp */ = {
			isa = PBXGroup;
			children = (
				CA01B6EF27836B9F0022439D /* GoogleService-Info.plist */,
				CADD8883277E8CFF003FBC12 /* Info.plist */,
				CA01B6F127842EA00022439D /* Support */,
				CADD88A927811B51003FBC12 /* Model */,
				CA01B6D527814D880022439D /* Custmer-Request */,
				CADD8894277E91FC003FBC12 /* Edit Itme */,
				CADD888D277E90F3003FBC12 /* Add Itme */,
				CADD8889277E8EEB003FBC12 /* Home */,
				CA01B6F227842F0A0022439D /* View */,
			);
			path = ManagementApp;
			sourceTree = "<group>";
		};
		CADD8889277E8EEB003FBC12 /* Home */ = {
			isa = PBXGroup;
			children = (
				CADD8879277E8CFC003FBC12 /* HomeVC.swift */,
				CADD888B277E8F14003FBC12 /* HomeCVCell.swift */,
				CA01B6DA278195730022439D /* BrandCVCell.swift */,
			);
			path = Home;
			sourceTree = "<group>";
		};
		CADD888D277E90F3003FBC12 /* Add Itme */ = {
			isa = PBXGroup;
			children = (
				CADD8892277E9164003FBC12 /* AddItmeVC.swift */,
				CA01B6DF2782E04F0022439D /* AddItmeVCCVCell.swift */,
			);
			path = "Add Itme";
			sourceTree = "<group>";
		};
		CADD8894277E91FC003FBC12 /* Edit Itme */ = {
			isa = PBXGroup;
			children = (
				CADD8895277E9233003FBC12 /* EditItmeVC.swift */,
				CA01B6E12782E0670022439D /* EditItmeCVCell.swift */,
			);
			path = "Edit Itme";
			sourceTree = "<group>";
		};
		CADD88A927811B51003FBC12 /* Model */ = {
			isa = PBXGroup;
			children = (
				CADD88AA27811B64003FBC12 /* Product.swift */,
				CA2B0B5F278AF50900CFAD25 /* orderUser.swift */,
			);
			path = Model;
			sourceTree = "<group>";
		};
/* End PBXGroup section */

/* Begin PBXNativeTarget section */
		CADD8871277E8CFC003FBC12 /* ManagementApp */ = {
			isa = PBXNativeTarget;
			buildConfigurationList = CADD8886277E8CFF003FBC12 /* Build configuration list for PBXNativeTarget "ManagementApp" */;
			buildPhases = (
				CADD886E277E8CFC003FBC12 /* Sources */,
				CADD886F277E8CFC003FBC12 /* Frameworks */,
				CADD8870277E8CFC003FBC12 /* Resources */,
			);
			buildRules = (
			);
			dependencies = (
			);
			name = ManagementApp;
			packageProductDependencies = (
				CA01B6E4278369A00022439D /* FirebaseStorage */,
				CA01B6E6278369A00022439D /* FirebaseAuth */,
				CA01B6E8278369A00022439D /* FirebaseFirestore */,
				CA01B6EA278369A00022439D /* FirebaseDatabase */,
				CA01B6ED278369DD0022439D /* SDWebImage */,
			);
			productName = Director_MpbApp_Yousef_ALbalawi;
			productReference = CADD8872277E8CFC003FBC12 /* ManagementApp.app */;
			productType = "com.apple.product-type.application";
		};
/* End PBXNativeTarget section */

/* Begin PBXProject section */
		CADD886A277E8CFC003FBC12 /* Project object */ = {
			isa = PBXProject;
			attributes = {
				LastSwiftUpdateCheck = 1250;
				LastUpgradeCheck = 1250;
				TargetAttributes = {
					CADD8871277E8CFC003FBC12 = {
						CreatedOnToolsVersion = 12.5;
					};
				};
			};
			buildConfigurationList = CADD886D277E8CFC003FBC12 /* Build configuration list for PBXProject "ManagementApp" */;
			compatibilityVersion = "Xcode 9.3";
			developmentRegion = en;
			hasScannedForEncodings = 0;
			knownRegions = (
				en,
				Base,
			);
			mainGroup = CADD8869277E8CFC003FBC12;
			packageReferences = (
				CA01B6E3278369A00022439D /* XCRemoteSwiftPackageReference "firebase-ios-sdk" */,
				CA01B6EC278369DD0022439D /* XCRemoteSwiftPackageReference "SDWebImage" */,
			);
			productRefGroup = CADD8873277E8CFC003FBC12 /* Products */;
			projectDirPath = "";
			projectRoot = "";
			targets = (
				CADD8871277E8CFC003FBC12 /* ManagementApp */,
			);
		};
/* End PBXProject section */

/* Begin PBXResourcesBuildPhase section */
		CADD8870277E8CFC003FBC12 /* Resources */ = {
			isa = PBXResourcesBuildPhase;
			buildActionMask = 2147483647;
			files = (
				CADD8882277E8CFF003FBC12 /* LaunchScreen.storyboard in Resources */,
				CA01B6F027836B9F0022439D /* GoogleService-Info.plist in Resources */,
				CADD887F277E8CFF003FBC12 /* Assets.xcassets in Resources */,
				CADD887D277E8CFC003FBC12 /* Main.storyboard in Resources */,
			);
			runOnlyForDeploymentPostprocessing = 0;
		};
/* End PBXResourcesBuildPhase section */

/* Begin PBXSourcesBuildPhase section */
		CADD886E277E8CFC003FBC12 /* Sources */ = {
			isa = PBXSourcesBuildPhase;
			buildActionMask = 2147483647;
			files = (
				CA2B0B60278AF50900CFAD25 /* orderUser.swift in Sources */,
				CADD887A277E8CFC003FBC12 /* HomeVC.swift in Sources */,
				CA01B6E22782E0670022439D /* EditItmeCVCell.swift in Sources */,
				CA01B6D927814DE70022439D /* Custmer-RequestVC.swift in Sources */,
				CADD8896277E9233003FBC12 /* EditItmeVC.swift in Sources */,
				CADD8876277E8CFC003FBC12 /* AppDelegate.swift in Sources */,
				CADD8893277E9164003FBC12 /* AddItmeVC.swift in Sources */,
				CA01B6DB278195730022439D /* BrandCVCell.swift in Sources */,
				CADD888C277E8F14003FBC12 /* HomeCVCell.swift in Sources */,
				CADD8878277E8CFC003FBC12 /* SceneDelegate.swift in Sources */,
				CA01B6E02782E04F0022439D /* AddItmeVCCVCell.swift in Sources */,
				CADD88AB27811B64003FBC12 /* Product.swift in Sources */,
				CA01B6D727814DC50022439D /* Custmer-RequestVCCell.swift in Sources */,
			);
			runOnlyForDeploymentPostprocessing = 0;
		};
/* End PBXSourcesBuildPhase section */

/* Begin PBXVariantGroup section */
		CADD887B277E8CFC003FBC12 /* Main.storyboard */ = {
			isa = PBXVariantGroup;
			children = (
				CADD887C277E8CFC003FBC12 /* Base */,
			);
			name = Main.storyboard;
			sourceTree = "<group>";
		};
		CADD8880277E8CFF003FBC12 /* LaunchScreen.storyboard */ = {
			isa = PBXVariantGroup;
			children = (
				CADD8881277E8CFF003FBC12 /* Base */,
			);
			name = LaunchScreen.storyboard;
			sourceTree = "<group>";
		};
/* End PBXVariantGroup section */

/* Begin XCBuildConfiguration section */
		CADD8884277E8CFF003FBC12 /* Debug */ = {
			isa = XCBuildConfiguration;
			buildSettings = {
				ALWAYS_SEARCH_USER_PATHS = NO;
				CLANG_ANALYZER_NONNULL = YES;
				CLANG_ANALYZER_NUMBER_OBJECT_CONVERSION = YES_AGGRESSIVE;
				CLANG_CXX_LANGUAGE_STANDARD = "gnu++14";
				CLANG_CXX_LIBRARY = "libc++";
				CLANG_ENABLE_MODULES = YES;
				CLANG_ENABLE_OBJC_ARC = YES;
				CLANG_ENABLE_OBJC_WEAK = YES;
				CLANG_WARN_BLOCK_CAPTURE_AUTORELEASING = YES;
				CLANG_WARN_BOOL_CONVERSION = YES;
				CLANG_WARN_COMMA = YES;
				CLANG_WARN_CONSTANT_CONVERSION = YES;
				CLANG_WARN_DEPRECATED_OBJC_IMPLEMENTATIONS = YES;
				CLANG_WARN_DIRECT_OBJC_ISA_USAGE = YES_ERROR;
				CLANG_WARN_DOCUMENTATION_COMMENTS = YES;
				CLANG_WARN_EMPTY_BODY = YES;
				CLANG_WARN_ENUM_CONVERSION = YES;
				CLANG_WARN_INFINITE_RECURSION = YES;
				CLANG_WARN_INT_CONVERSION = YES;
				CLANG_WARN_NON_LITERAL_NULL_CONVERSION = YES;
				CLANG_WARN_OBJC_IMPLICIT_RETAIN_SELF = YES;
				CLANG_WARN_OBJC_LITERAL_CONVERSION = YES;
				CLANG_WARN_OBJC_ROOT_CLASS = YES_ERROR;
				CLANG_WARN_QUOTED_INCLUDE_IN_FRAMEWORK_HEADER = YES;
				CLANG_WARN_RANGE_LOOP_ANALYSIS = YES;
				CLANG_WARN_STRICT_PROTOTYPES = YES;
				CLANG_WARN_SUSPICIOUS_MOVE = YES;
				CLANG_WARN_UNGUARDED_AVAILABILITY = YES_AGGRESSIVE;
				CLANG_WARN_UNREACHABLE_CODE = YES;
				CLANG_WARN__DUPLICATE_METHOD_MATCH = YES;
				COPY_PHASE_STRIP = NO;
				DEBUG_INFORMATION_FORMAT = dwarf;
				ENABLE_STRICT_OBJC_MSGSEND = YES;
				ENABLE_TESTABILITY = YES;
				GCC_C_LANGUAGE_STANDARD = gnu11;
				GCC_DYNAMIC_NO_PIC = NO;
				GCC_NO_COMMON_BLOCKS = YES;
				GCC_OPTIMIZATION_LEVEL = 0;
				GCC_PREPROCESSOR_DEFINITIONS = (
					"DEBUG=1",
					"$(inherited)",
				);
				GCC_WARN_64_TO_32_BIT_CONVERSION = YES;
				GCC_WARN_ABOUT_RETURN_TYPE = YES_ERROR;
				GCC_WARN_UNDECLARED_SELECTOR = YES;
				GCC_WARN_UNINITIALIZED_AUTOS = YES_AGGRESSIVE;
				GCC_WARN_UNUSED_FUNCTION = YES;
				GCC_WARN_UNUSED_VARIABLE = YES;
				IPHONEOS_DEPLOYMENT_TARGET = 14.5;
				MTL_ENABLE_DEBUG_INFO = INCLUDE_SOURCE;
				MTL_FAST_MATH = YES;
				ONLY_ACTIVE_ARCH = YES;
				SDKROOT = iphoneos;
				SWIFT_ACTIVE_COMPILATION_CONDITIONS = DEBUG;
				SWIFT_OPTIMIZATION_LEVEL = "-Onone";
			};
			name = Debug;
		};
		CADD8885277E8CFF003FBC12 /* Release */ = {
			isa = XCBuildConfiguration;
			buildSettings = {
				ALWAYS_SEARCH_USER_PATHS = NO;
				CLANG_ANALYZER_NONNULL = YES;
				CLANG_ANALYZER_NUMBER_OBJECT_CONVERSION = YES_AGGRESSIVE;
				CLANG_CXX_LANGUAGE_STANDARD = "gnu++14";
				CLANG_CXX_LIBRARY = "libc++";
				CLANG_ENABLE_MODULES = YES;
				CLANG_ENABLE_OBJC_ARC = YES;
				CLANG_ENABLE_OBJC_WEAK = YES;
				CLANG_WARN_BLOCK_CAPTURE_AUTORELEASING = YES;
				CLANG_WARN_BOOL_CONVERSION = YES;
				CLANG_WARN_COMMA = YES;
				CLANG_WARN_CONSTANT_CONVERSION = YES;
				CLANG_WARN_DEPRECATED_OBJC_IMPLEMENTATIONS = YES;
				CLANG_WARN_DIRECT_OBJC_ISA_USAGE = YES_ERROR;
				CLANG_WARN_DOCUMENTATION_COMMENTS = YES;
				CLANG_WARN_EMPTY_BODY = YES;
				CLANG_WARN_ENUM_CONVERSION = YES;
				CLANG_WARN_INFINITE_RECURSION = YES;
				CLANG_WARN_INT_CONVERSION = YES;
				CLANG_WARN_NON_LITERAL_NULL_CONVERSION = YES;
				CLANG_WARN_OBJC_IMPLICIT_RETAIN_SELF = YES;
				CLANG_WARN_OBJC_LITERAL_CONVERSION = YES;
				CLANG_WARN_OBJC_ROOT_CLASS = YES_ERROR;
				CLANG_WARN_QUOTED_INCLUDE_IN_FRAMEWORK_HEADER = YES;
				CLANG_WARN_RANGE_LOOP_ANALYSIS = YES;
				CLANG_WARN_STRICT_PROTOTYPES = YES;
				CLANG_WARN_SUSPICIOUS_MOVE = YES;
				CLANG_WARN_UNGUARDED_AVAILABILITY = YES_AGGRESSIVE;
				CLANG_WARN_UNREACHABLE_CODE = YES;
				CLANG_WARN__DUPLICATE_METHOD_MATCH = YES;
				COPY_PHASE_STRIP = NO;
				DEBUG_INFORMATION_FORMAT = "dwarf-with-dsym";
				ENABLE_NS_ASSERTIONS = NO;
				ENABLE_STRICT_OBJC_MSGSEND = YES;
				GCC_C_LANGUAGE_STANDARD = gnu11;
				GCC_NO_COMMON_BLOCKS = YES;
				GCC_WARN_64_TO_32_BIT_CONVERSION = YES;
				GCC_WARN_ABOUT_RETURN_TYPE = YES_ERROR;
				GCC_WARN_UNDECLARED_SELECTOR = YES;
				GCC_WARN_UNINITIALIZED_AUTOS = YES_AGGRESSIVE;
				GCC_WARN_UNUSED_FUNCTION = YES;
				GCC_WARN_UNUSED_VARIABLE = YES;
				IPHONEOS_DEPLOYMENT_TARGET = 14.5;
				MTL_ENABLE_DEBUG_INFO = NO;
				MTL_FAST_MATH = YES;
				SDKROOT = iphoneos;
				SWIFT_COMPILATION_MODE = wholemodule;
				SWIFT_OPTIMIZATION_LEVEL = "-O";
				VALIDATE_PRODUCT = YES;
			};
			name = Release;
		};
		CADD8887277E8CFF003FBC12 /* Debug */ = {
			isa = XCBuildConfiguration;
			buildSettings = {
				ASSETCATALOG_COMPILER_APPICON_NAME = AppIcon;
				ASSETCATALOG_COMPILER_GLOBAL_ACCENT_COLOR_NAME = AccentColor;
				CODE_SIGN_STYLE = Automatic;
				DEVELOPMENT_TEAM = 8WY898MHLG;
				INFOPLIST_FILE = ManagementApp/Info.plist;
				LD_RUNPATH_SEARCH_PATHS = (
					"$(inherited)",
					"@executable_path/Frameworks",
				);
				PRODUCT_BUNDLE_IDENTIFIER = com.yousef.ManagementApp;
				PRODUCT_NAME = "$(TARGET_NAME)";
				SWIFT_VERSION = 5.0;
				TARGETED_DEVICE_FAMILY = "1,2";
			};
			name = Debug;
		};
		CADD8888277E8CFF003FBC12 /* Release */ = {
			isa = XCBuildConfiguration;
			buildSettings = {
				ASSETCATALOG_COMPILER_APPICON_NAME = AppIcon;
				ASSETCATALOG_COMPILER_GLOBAL_ACCENT_COLOR_NAME = AccentColor;
				CODE_SIGN_STYLE = Automatic;
				DEVELOPMENT_TEAM = 8WY898MHLG;
				INFOPLIST_FILE = ManagementApp/Info.plist;
				LD_RUNPATH_SEARCH_PATHS = (
					"$(inherited)",
					"@executable_path/Frameworks",
				);
				PRODUCT_BUNDLE_IDENTIFIER = com.yousef.ManagementApp;
				PRODUCT_NAME = "$(TARGET_NAME)";
				SWIFT_VERSION = 5.0;
				TARGETED_DEVICE_FAMILY = "1,2";
			};
			name = Release;
		};
/* End XCBuildConfiguration section */

/* Begin XCConfigurationList section */
		CADD886D277E8CFC003FBC12 /* Build configuration list for PBXProject "ManagementApp" */ = {
			isa = XCConfigurationList;
			buildConfigurations = (
				CADD8884277E8CFF003FBC12 /* Debug */,
				CADD8885277E8CFF003FBC12 /* Release */,
			);
			defaultConfigurationIsVisible = 0;
			defaultConfigurationName = Release;
		};
		CADD8886277E8CFF003FBC12 /* Build configuration list for PBXNativeTarget "ManagementApp" */ = {
			isa = XCConfigurationList;
			buildConfigurations = (
				CADD8887277E8CFF003FBC12 /* Debug */,
				CADD8888277E8CFF003FBC12 /* Release */,
			);
			defaultConfigurationIsVisible = 0;
			defaultConfigurationName = Release;
		};
/* End XCConfigurationList section */

/* Begin XCRemoteSwiftPackageReference section */
		CA01B6E3278369A00022439D /* XCRemoteSwiftPackageReference "firebase-ios-sdk" */ = {
			isa = XCRemoteSwiftPackageReference;
			repositoryURL = "https://github.com/firebase/firebase-ios-sdk";
			requirement = {
				kind = upToNextMajorVersion;
				minimumVersion = 8.10.0;
			};
		};
		CA01B6EC278369DD0022439D /* XCRemoteSwiftPackageReference "SDWebImage" */ = {
			isa = XCRemoteSwiftPackageReference;
			repositoryURL = "https://github.com/SDWebImage/SDWebImage.git";
			requirement = {
				kind = upToNextMajorVersion;
				minimumVersion = 5.0.0;
			};
		};
/* End XCRemoteSwiftPackageReference section */

/* Begin XCSwiftPackageProductDependency section */
		CA01B6E4278369A00022439D /* FirebaseStorage */ = {
			isa = XCSwiftPackageProductDependency;
			package = CA01B6E3278369A00022439D /* XCRemoteSwiftPackageReference "firebase-ios-sdk" */;
			productName = FirebaseStorage;
		};
		CA01B6E6278369A00022439D /* FirebaseAuth */ = {
			isa = XCSwiftPackageProductDependency;
			package = CA01B6E3278369A00022439D /* XCRemoteSwiftPackageReference "firebase-ios-sdk" */;
			productName = FirebaseAuth;
		};
		CA01B6E8278369A00022439D /* FirebaseFirestore */ = {
			isa = XCSwiftPackageProductDependency;
			package = CA01B6E3278369A00022439D /* XCRemoteSwiftPackageReference "firebase-ios-sdk" */;
			productName = FirebaseFirestore;
		};
		CA01B6EA278369A00022439D /* FirebaseDatabase */ = {
			isa = XCSwiftPackageProductDependency;
			package = CA01B6E3278369A00022439D /* XCRemoteSwiftPackageReference "firebase-ios-sdk" */;
			productName = FirebaseDatabase;
		};
		CA01B6ED278369DD0022439D /* SDWebImage */ = {
			isa = XCSwiftPackageProductDependency;
			package = CA01B6EC278369DD0022439D /* XCRemoteSwiftPackageReference "SDWebImage" */;
			productName = SDWebImage;
		};
/* End XCSwiftPackageProductDependency section */
	};
	rootObject = CADD886A277E8CFC003FBC12 /* Project object */;
}
